
Microsoft Visual Studio Solution File, Format Version 12.00
# Visual Studio Version 16
VisualStudioVersion = 16.0.30503.244
MinimumVisualStudioVersion = 10.0.40219.1
Project("{8BC9CEB8-8B4A-11D0-8D11-00A0C91BC942}") = "Program15_starryOutput", "Program15_starryOutput\Program15_starryOutput.vcxproj", "{DAA267F7-10F4-4236-A494-BB3CC1BD41D3}"
EndProject
Global
	GlobalSection(SolutionConfigurationPlatforms) = preSolution
		Debug|x64 = Debug|x64
		Debug|x86 = Debug|x86
		Release|x64 = Release|x64
		Release|x86 = Release|x86
	EndGlobalSection
	GlobalSection(ProjectConfigurationPlatforms) = postSolution
		{DAA267F7-10F4-4236-A494-BB3CC1BD41D3}.Debug|x64.ActiveCfg = Debug|x64
		{DAA267F7-10F4-4236-A494-BB3CC1BD41D3}.Debug|x64.Build.0 = Debug|x64
		{DAA267F7-10F4-4236-A494-BB3CC1BD41D3}.Debug|x86.ActiveCfg = Debug|Win32
		{DAA267F7-10F4-4236-A494-BB3CC1BD41D3}.Debug|x86.Build.0 = Debug|Win32
		{DAA267F7-10F4-4236-A494-BB3CC1BD41D3}.Release|x64.ActiveCfg = Release|x64
		{DAA267F7-10F4-4236-A494-BB3CC1BD41D3}.Release|x64.Build.0 = Release|x64
		{DAA267F7-10F4-4236-A494-BB3CC1BD41D3}.Release|x86.ActiveCfg = Release|Win32
		{DAA267F7-10F4-4236-A494-BB3CC1BD41D3}.Release|x86.Build.0 = Release|Win32
	EndGlobalSection
	GlobalSection(SolutionProperties) = preSolution
		HideSolutionNode = FALSE
	EndGlobalSection
	GlobalSection(ExtensibilityGlobals) = postSolution
		SolutionGuid = {A5B48E14-9AC6-4984-9C76-2B408DBF950F}
	EndGlobalSection
EndGlobal
