
Microsoft Visual Studio Solution File, Format Version 12.00
# Visual Studio Version 16
VisualStudioVersion = 16.0.30503.244
MinimumVisualStudioVersion = 10.0.40219.1
Project("{8BC9CEB8-8B4A-11D0-8D11-00A0C91BC942}") = "Program12_ifThisThenThat", "Program12_ifThisThenThat\Program12_ifThisThenThat.vcxproj", "{AE367113-7F6F-490E-AD4A-708C23DE6001}"
EndProject
Global
	GlobalSection(SolutionConfigurationPlatforms) = preSolution
		Debug|x64 = Debug|x64
		Debug|x86 = Debug|x86
		Release|x64 = Release|x64
		Release|x86 = Release|x86
	EndGlobalSection
	GlobalSection(ProjectConfigurationPlatforms) = postSolution
		{AE367113-7F6F-490E-AD4A-708C23DE6001}.Debug|x64.ActiveCfg = Debug|x64
		{AE367113-7F6F-490E-AD4A-708C23DE6001}.Debug|x64.Build.0 = Debug|x64
		{AE367113-7F6F-490E-AD4A-708C23DE6001}.Debug|x86.ActiveCfg = Debug|Win32
		{AE367113-7F6F-490E-AD4A-708C23DE6001}.Debug|x86.Build.0 = Debug|Win32
		{AE367113-7F6F-490E-AD4A-708C23DE6001}.Release|x64.ActiveCfg = Release|x64
		{AE367113-7F6F-490E-AD4A-708C23DE6001}.Release|x64.Build.0 = Release|x64
		{AE367113-7F6F-490E-AD4A-708C23DE6001}.Release|x86.ActiveCfg = Release|Win32
		{AE367113-7F6F-490E-AD4A-708C23DE6001}.Release|x86.Build.0 = Release|Win32
	EndGlobalSection
	GlobalSection(SolutionProperties) = preSolution
		HideSolutionNode = FALSE
	EndGlobalSection
	GlobalSection(ExtensibilityGlobals) = postSolution
		SolutionGuid = {D4222CE9-C1AC-4D98-A969-D5E3A37746C6}
	EndGlobalSection
EndGlobal
